
Microsoft Visual Studio Solution File, Format Version 12.00
# Visual Studio Version 17
VisualStudioVersion = 17.7.34003.232
MinimumVisualStudioVersion = 10.0.40219.1
Project("{FAE04EC0-301F-11D3-BF4B-00C04F79EFBC}") = "LottoApp", "LottoApp\LottoApp.csproj", "{7E8C3B88-8C09-41BA-94B3-2CF4F0F97AF1}"
EndProject
Global
	GlobalSection(SolutionConfigurationPlatforms) = preSolution
		Debug|Any CPU = Debug|Any CPU
		Release|Any CPU = Release|Any CPU
	EndGlobalSection
	GlobalSection(ProjectConfigurationPlatforms) = postSolution
		{7E8C3B88-8C09-41BA-94B3-2CF4F0F97AF1}.Debug|Any CPU.ActiveCfg = Debug|Any CPU
		{7E8C3B88-8C09-41BA-94B3-2CF4F0F97AF1}.Debug|Any CPU.Build.0 = Debug|Any CPU
		{7E8C3B88-8C09-41BA-94B3-2CF4F0F97AF1}.Release|Any CPU.ActiveCfg = Release|Any CPU
		{7E8C3B88-8C09-41BA-94B3-2CF4F0F97AF1}.Release|Any CPU.Build.0 = Release|Any CPU
	EndGlobalSection
	GlobalSection(SolutionProperties) = preSolution
		HideSolutionNode = FALSE
	EndGlobalSection
	GlobalSection(ExtensibilityGlobals) = postSolution
		SolutionGuid = {11458C57-68EC-4A8B-AC35-A5EC3C00E391}
	EndGlobalSection
EndGlobal
